
Microsoft Visual Studio Solution File, Format Version 12.00
# Visual Studio Version 17
VisualStudioVersion = 17.0.31903.59
MinimumVisualStudioVersion = 10.0.40219.1
Project("{FAE04EC0-301F-11D3-BF4B-00C04F79EFBC}") = "Tests", "Tests\Tests.csproj", "{DC55AE96-F9EE-4A86-8D31-3A760E9DAB06}"
EndProject
Project("{FAE04EC0-301F-11D3-BF4B-00C04F79EFBC}") = "OneBillonRows", "OneBillonRows\OneBillonRows.csproj", "{394E9660-27AD-4F84-9617-D990C8B6C7EE}"
EndProject
Global
	GlobalSection(SolutionConfigurationPlatforms) = preSolution
		Debug|Any CPU = Debug|Any CPU
		Release|Any CPU = Release|Any CPU
	EndGlobalSection
	GlobalSection(SolutionProperties) = preSolution
		HideSolutionNode = FALSE
	EndGlobalSection
	GlobalSection(ProjectConfigurationPlatforms) = postSolution
		{DC55AE96-F9EE-4A86-8D31-3A760E9DAB06}.Debug|Any CPU.ActiveCfg = Debug|Any CPU
		{DC55AE96-F9EE-4A86-8D31-3A760E9DAB06}.Debug|Any CPU.Build.0 = Debug|Any CPU
		{DC55AE96-F9EE-4A86-8D31-3A760E9DAB06}.Release|Any CPU.ActiveCfg = Release|Any CPU
		{DC55AE96-F9EE-4A86-8D31-3A760E9DAB06}.Release|Any CPU.Build.0 = Release|Any CPU
		{394E9660-27AD-4F84-9617-D990C8B6C7EE}.Debug|Any CPU.ActiveCfg = Debug|Any CPU
		{394E9660-27AD-4F84-9617-D990C8B6C7EE}.Debug|Any CPU.Build.0 = Debug|Any CPU
		{394E9660-27AD-4F84-9617-D990C8B6C7EE}.Release|Any CPU.ActiveCfg = Release|Any CPU
		{394E9660-27AD-4F84-9617-D990C8B6C7EE}.Release|Any CPU.Build.0 = Release|Any CPU
	EndGlobalSection
EndGlobal
